{
  "name": "pdfemp",
  "version": "1.0.0",
  "lockfileVersion": 1,
  "requires": true,
  "dependencies": {
    "pdf2json": {
      "version": "2.0.1",
      "resolved": "https://registry.npmjs.org/pdf2json/-/pdf2json-2.0.1.tgz",
      "integrity": "sha512-gj1kZOV2cA+bHyyZiwNU8AVduT4L+7dQODtJZRev7/23TZ0Mz5ILVLsaCLX2p7A8cdBYyDq6zXEBUBvtXgpIZg==",
      "requires": {
        "@xmldom/xmldom": "^0.7.5"
      },
      "dependencies": {
        "@xmldom/xmldom": {
          "version": "0.7.5",
          "bundled": true
        }
      }
    }
  }
}
